
Microsoft Visual Studio Solution File, Format Version 12.00
# Visual Studio Version 17
VisualStudioVersion = 17.3.32929.385
MinimumVisualStudioVersion = 10.0.40219.1
Project("{FAE04EC0-301F-11D3-BF4B-00C04F79EFBC}") = "ApiFluentValidator", "ApiFluentValidator\ApiFluentValidator.csproj", "{DF9C1C64-02B9-4609-86ED-E072B32BB106}"
EndProject
Global
	GlobalSection(SolutionConfigurationPlatforms) = preSolution
		Debug|Any CPU = Debug|Any CPU
		Release|Any CPU = Release|Any CPU
	EndGlobalSection
	GlobalSection(ProjectConfigurationPlatforms) = postSolution
		{DF9C1C64-02B9-4609-86ED-E072B32BB106}.Debug|Any CPU.ActiveCfg = Debug|Any CPU
		{DF9C1C64-02B9-4609-86ED-E072B32BB106}.Debug|Any CPU.Build.0 = Debug|Any CPU
		{DF9C1C64-02B9-4609-86ED-E072B32BB106}.Release|Any CPU.ActiveCfg = Release|Any CPU
		{DF9C1C64-02B9-4609-86ED-E072B32BB106}.Release|Any CPU.Build.0 = Release|Any CPU
	EndGlobalSection
	GlobalSection(SolutionProperties) = preSolution
		HideSolutionNode = FALSE
	EndGlobalSection
	GlobalSection(ExtensibilityGlobals) = postSolution
		SolutionGuid = {A0124071-5D70-4E69-9E28-322EB6D5A704}
	EndGlobalSection
EndGlobal
